
Microsoft Visual Studio Solution File, Format Version 12.00
# Visual Studio 15
VisualStudioVersion = 15.0.27130.2026
MinimumVisualStudioVersion = 10.0.40219.1
Project("{9A19103F-16F7-4668-BE54-9A1E7A4F7556}") = "Azos", "Azos\Azos.csproj", "{C2BF5275-C8C2-46CC-86C7-A83A75C2BE0D}"
EndProject
Project("{9A19103F-16F7-4668-BE54-9A1E7A4F7556}") = "Azos.Sky", "Azos.Sky\Azos.Sky.csproj", "{56467E57-0C42-42C9-B9B0-359A2A061BA0}"
EndProject
Project("{2150E333-8FDC-42A3-9474-1A3956D46DE8}") = "runtimes", "runtimes", "{344ACA28-AC93-4CA9-9203-78C93A4918CD}"
EndProject
Project("{2150E333-8FDC-42A3-9474-1A3956D46DE8}") = "core", "core", "{ABC662BC-C8F5-4D1F-A411-E45DCFC5417E}"
EndProject
Project("{2150E333-8FDC-42A3-9474-1A3956D46DE8}") = "netf", "netf", "{F572F5AC-8BDE-4D36-BE8A-ED42299C576F}"
EndProject
Project("{FAE04EC0-301F-11D3-BF4B-00C04F79EFBC}") = "Azos.Platform.NetFramework", "runtimes\netf\Azos.Platform.NetFramework\Azos.Platform.NetFramework.csproj", "{9A912017-D9C0-4739-A725-2CA4C9E9E63B}"
EndProject
Project("{2150E333-8FDC-42A3-9474-1A3956D46DE8}") = "Solution Items", "Solution Items", "{C2217C23-C12B-4CE7-B8B6-7222662EB16A}"
	ProjectSection(SolutionItems) = preProject
		Directory.Build.props = Directory.Build.props
	EndProjectSection
EndProject
Project("{FAE04EC0-301F-11D3-BF4B-00C04F79EFBC}") = "arow", "runtimes\netf\arow\arow.csproj", "{7F2A2D93-7037-49B3-B8CF-0B7CDC7B35FF}"
EndProject
Project("{FAE04EC0-301F-11D3-BF4B-00C04F79EFBC}") = "buildinfo", "runtimes\netf\buildinfo\buildinfo.csproj", "{AB869DBB-623B-4A34-8D06-D11FAEE2B8F1}"
EndProject
Project("{FAE04EC0-301F-11D3-BF4B-00C04F79EFBC}") = "getdatetime", "runtimes\netf\getdatetime\getdatetime.csproj", "{290A2B25-0502-4F6A-83BC-061F3D78C549}"
EndProject
Project("{FAE04EC0-301F-11D3-BF4B-00C04F79EFBC}") = "gluec", "runtimes\netf\gluec\gluec.csproj", "{53721594-D13A-454C-A318-4A99BE896458}"
EndProject
Project("{FAE04EC0-301F-11D3-BF4B-00C04F79EFBC}") = "licupd", "runtimes\netf\licupd\licupd.csproj", "{3540666C-6018-4BD3-A581-29F277CCBE8D}"
EndProject
Project("{FAE04EC0-301F-11D3-BF4B-00C04F79EFBC}") = "Azos.WinForms", "runtimes\netf\Azos.WinForms\Azos.WinForms.csproj", "{E4EB3E71-6121-4A9B-B967-A8FD233D003A}"
EndProject
Project("{FAE04EC0-301F-11D3-BF4B-00C04F79EFBC}") = "ntc", "runtimes\netf\ntc\ntc.csproj", "{DAC75D1B-0914-45AB-B5E0-69A40EF28174}"
EndProject
Project("{FAE04EC0-301F-11D3-BF4B-00C04F79EFBC}") = "phash", "runtimes\netf\phash\phash.csproj", "{78DDF2B1-0A88-461C-AF50-2FC16EB48DEF}"
EndProject
Project("{FAE04EC0-301F-11D3-BF4B-00C04F79EFBC}") = "rsc", "runtimes\netf\rsc\rsc.csproj", "{3190791D-2172-4A45-AE40-7F4962B4EA15}"
EndProject
Project("{FAE04EC0-301F-11D3-BF4B-00C04F79EFBC}") = "toy", "runtimes\netf\toy\toy.csproj", "{A05F3769-EA28-4676-81D4-8FDDC2A45A11}"
EndProject
Project("{FAE04EC0-301F-11D3-BF4B-00C04F79EFBC}") = "trun", "runtimes\netf\trun\trun.csproj", "{AFF2DD46-A94A-48F9-B6D7-9ABE34F276B9}"
EndProject
Project("{FAE04EC0-301F-11D3-BF4B-00C04F79EFBC}") = "WinFormsTest", "runtimes\netf\WinFormsTest\WinFormsTest.csproj", "{7139004B-13F5-4732-A177-D964FD283555}"
EndProject
Project("{9A19103F-16F7-4668-BE54-9A1E7A4F7556}") = "Azos.Tools", "Azos.Tools\Azos.Tools.csproj", "{1743D0B5-2B62-44B2-A1C1-84326209F0FC}"
EndProject
Global
	GlobalSection(SolutionConfigurationPlatforms) = preSolution
		Debug|Any CPU = Debug|Any CPU
		Release|Any CPU = Release|Any CPU
	EndGlobalSection
	GlobalSection(ProjectConfigurationPlatforms) = postSolution
		{C2BF5275-C8C2-46CC-86C7-A83A75C2BE0D}.Debug|Any CPU.ActiveCfg = Debug|Any CPU
		{C2BF5275-C8C2-46CC-86C7-A83A75C2BE0D}.Debug|Any CPU.Build.0 = Debug|Any CPU
		{C2BF5275-C8C2-46CC-86C7-A83A75C2BE0D}.Release|Any CPU.ActiveCfg = Release|Any CPU
		{C2BF5275-C8C2-46CC-86C7-A83A75C2BE0D}.Release|Any CPU.Build.0 = Release|Any CPU
		{56467E57-0C42-42C9-B9B0-359A2A061BA0}.Debug|Any CPU.ActiveCfg = Debug|Any CPU
		{56467E57-0C42-42C9-B9B0-359A2A061BA0}.Debug|Any CPU.Build.0 = Debug|Any CPU
		{56467E57-0C42-42C9-B9B0-359A2A061BA0}.Release|Any CPU.ActiveCfg = Release|Any CPU
		{56467E57-0C42-42C9-B9B0-359A2A061BA0}.Release|Any CPU.Build.0 = Release|Any CPU
		{9A912017-D9C0-4739-A725-2CA4C9E9E63B}.Debug|Any CPU.ActiveCfg = Debug|Any CPU
		{9A912017-D9C0-4739-A725-2CA4C9E9E63B}.Debug|Any CPU.Build.0 = Debug|Any CPU
		{9A912017-D9C0-4739-A725-2CA4C9E9E63B}.Release|Any CPU.ActiveCfg = Release|Any CPU
		{9A912017-D9C0-4739-A725-2CA4C9E9E63B}.Release|Any CPU.Build.0 = Release|Any CPU
		{7F2A2D93-7037-49B3-B8CF-0B7CDC7B35FF}.Debug|Any CPU.ActiveCfg = Debug|Any CPU
		{7F2A2D93-7037-49B3-B8CF-0B7CDC7B35FF}.Debug|Any CPU.Build.0 = Debug|Any CPU
		{7F2A2D93-7037-49B3-B8CF-0B7CDC7B35FF}.Release|Any CPU.ActiveCfg = Release|Any CPU
		{7F2A2D93-7037-49B3-B8CF-0B7CDC7B35FF}.Release|Any CPU.Build.0 = Release|Any CPU
		{AB869DBB-623B-4A34-8D06-D11FAEE2B8F1}.Debug|Any CPU.ActiveCfg = Debug|Any CPU
		{AB869DBB-623B-4A34-8D06-D11FAEE2B8F1}.Debug|Any CPU.Build.0 = Debug|Any CPU
		{AB869DBB-623B-4A34-8D06-D11FAEE2B8F1}.Release|Any CPU.ActiveCfg = Release|Any CPU
		{AB869DBB-623B-4A34-8D06-D11FAEE2B8F1}.Release|Any CPU.Build.0 = Release|Any CPU
		{290A2B25-0502-4F6A-83BC-061F3D78C549}.Debug|Any CPU.ActiveCfg = Debug|Any CPU
		{290A2B25-0502-4F6A-83BC-061F3D78C549}.Debug|Any CPU.Build.0 = Debug|Any CPU
		{290A2B25-0502-4F6A-83BC-061F3D78C549}.Release|Any CPU.ActiveCfg = Release|Any CPU
		{290A2B25-0502-4F6A-83BC-061F3D78C549}.Release|Any CPU.Build.0 = Release|Any CPU
		{53721594-D13A-454C-A318-4A99BE896458}.Debug|Any CPU.ActiveCfg = Debug|Any CPU
		{53721594-D13A-454C-A318-4A99BE896458}.Debug|Any CPU.Build.0 = Debug|Any CPU
		{53721594-D13A-454C-A318-4A99BE896458}.Release|Any CPU.ActiveCfg = Release|Any CPU
		{53721594-D13A-454C-A318-4A99BE896458}.Release|Any CPU.Build.0 = Release|Any CPU
		{3540666C-6018-4BD3-A581-29F277CCBE8D}.Debug|Any CPU.ActiveCfg = Debug|Any CPU
		{3540666C-6018-4BD3-A581-29F277CCBE8D}.Debug|Any CPU.Build.0 = Debug|Any CPU
		{3540666C-6018-4BD3-A581-29F277CCBE8D}.Release|Any CPU.ActiveCfg = Release|Any CPU
		{3540666C-6018-4BD3-A581-29F277CCBE8D}.Release|Any CPU.Build.0 = Release|Any CPU
		{E4EB3E71-6121-4A9B-B967-A8FD233D003A}.Debug|Any CPU.ActiveCfg = Debug|Any CPU
		{E4EB3E71-6121-4A9B-B967-A8FD233D003A}.Debug|Any CPU.Build.0 = Debug|Any CPU
		{E4EB3E71-6121-4A9B-B967-A8FD233D003A}.Release|Any CPU.ActiveCfg = Release|Any CPU
		{E4EB3E71-6121-4A9B-B967-A8FD233D003A}.Release|Any CPU.Build.0 = Release|Any CPU
		{DAC75D1B-0914-45AB-B5E0-69A40EF28174}.Debug|Any CPU.ActiveCfg = Debug|Any CPU
		{DAC75D1B-0914-45AB-B5E0-69A40EF28174}.Debug|Any CPU.Build.0 = Debug|Any CPU
		{DAC75D1B-0914-45AB-B5E0-69A40EF28174}.Release|Any CPU.ActiveCfg = Release|Any CPU
		{DAC75D1B-0914-45AB-B5E0-69A40EF28174}.Release|Any CPU.Build.0 = Release|Any CPU
		{78DDF2B1-0A88-461C-AF50-2FC16EB48DEF}.Debug|Any CPU.ActiveCfg = Debug|Any CPU
		{78DDF2B1-0A88-461C-AF50-2FC16EB48DEF}.Debug|Any CPU.Build.0 = Debug|Any CPU
		{78DDF2B1-0A88-461C-AF50-2FC16EB48DEF}.Release|Any CPU.ActiveCfg = Release|Any CPU
		{78DDF2B1-0A88-461C-AF50-2FC16EB48DEF}.Release|Any CPU.Build.0 = Release|Any CPU
		{3190791D-2172-4A45-AE40-7F4962B4EA15}.Debug|Any CPU.ActiveCfg = Debug|Any CPU
		{3190791D-2172-4A45-AE40-7F4962B4EA15}.Debug|Any CPU.Build.0 = Debug|Any CPU
		{3190791D-2172-4A45-AE40-7F4962B4EA15}.Release|Any CPU.ActiveCfg = Release|Any CPU
		{3190791D-2172-4A45-AE40-7F4962B4EA15}.Release|Any CPU.Build.0 = Release|Any CPU
		{A05F3769-EA28-4676-81D4-8FDDC2A45A11}.Debug|Any CPU.ActiveCfg = Debug|Any CPU
		{A05F3769-EA28-4676-81D4-8FDDC2A45A11}.Debug|Any CPU.Build.0 = Debug|Any CPU
		{A05F3769-EA28-4676-81D4-8FDDC2A45A11}.Release|Any CPU.ActiveCfg = Release|Any CPU
		{A05F3769-EA28-4676-81D4-8FDDC2A45A11}.Release|Any CPU.Build.0 = Release|Any CPU
		{AFF2DD46-A94A-48F9-B6D7-9ABE34F276B9}.Debug|Any CPU.ActiveCfg = Debug|Any CPU
		{AFF2DD46-A94A-48F9-B6D7-9ABE34F276B9}.Debug|Any CPU.Build.0 = Debug|Any CPU
		{AFF2DD46-A94A-48F9-B6D7-9ABE34F276B9}.Release|Any CPU.ActiveCfg = Release|Any CPU
		{AFF2DD46-A94A-48F9-B6D7-9ABE34F276B9}.Release|Any CPU.Build.0 = Release|Any CPU
		{7139004B-13F5-4732-A177-D964FD283555}.Debug|Any CPU.ActiveCfg = Debug|Any CPU
		{7139004B-13F5-4732-A177-D964FD283555}.Debug|Any CPU.Build.0 = Debug|Any CPU
		{7139004B-13F5-4732-A177-D964FD283555}.Release|Any CPU.ActiveCfg = Release|Any CPU
		{7139004B-13F5-4732-A177-D964FD283555}.Release|Any CPU.Build.0 = Release|Any CPU
		{1743D0B5-2B62-44B2-A1C1-84326209F0FC}.Debug|Any CPU.ActiveCfg = Debug|Any CPU
		{1743D0B5-2B62-44B2-A1C1-84326209F0FC}.Debug|Any CPU.Build.0 = Debug|Any CPU
		{1743D0B5-2B62-44B2-A1C1-84326209F0FC}.Release|Any CPU.ActiveCfg = Release|Any CPU
		{1743D0B5-2B62-44B2-A1C1-84326209F0FC}.Release|Any CPU.Build.0 = Release|Any CPU
	EndGlobalSection
	GlobalSection(SolutionProperties) = preSolution
		HideSolutionNode = FALSE
	EndGlobalSection
	GlobalSection(NestedProjects) = preSolution
		{ABC662BC-C8F5-4D1F-A411-E45DCFC5417E} = {344ACA28-AC93-4CA9-9203-78C93A4918CD}
		{F572F5AC-8BDE-4D36-BE8A-ED42299C576F} = {344ACA28-AC93-4CA9-9203-78C93A4918CD}
		{9A912017-D9C0-4739-A725-2CA4C9E9E63B} = {F572F5AC-8BDE-4D36-BE8A-ED42299C576F}
		{7F2A2D93-7037-49B3-B8CF-0B7CDC7B35FF} = {F572F5AC-8BDE-4D36-BE8A-ED42299C576F}
		{AB869DBB-623B-4A34-8D06-D11FAEE2B8F1} = {F572F5AC-8BDE-4D36-BE8A-ED42299C576F}
		{290A2B25-0502-4F6A-83BC-061F3D78C549} = {F572F5AC-8BDE-4D36-BE8A-ED42299C576F}
		{53721594-D13A-454C-A318-4A99BE896458} = {F572F5AC-8BDE-4D36-BE8A-ED42299C576F}
		{3540666C-6018-4BD3-A581-29F277CCBE8D} = {F572F5AC-8BDE-4D36-BE8A-ED42299C576F}
		{E4EB3E71-6121-4A9B-B967-A8FD233D003A} = {F572F5AC-8BDE-4D36-BE8A-ED42299C576F}
		{DAC75D1B-0914-45AB-B5E0-69A40EF28174} = {F572F5AC-8BDE-4D36-BE8A-ED42299C576F}
		{78DDF2B1-0A88-461C-AF50-2FC16EB48DEF} = {F572F5AC-8BDE-4D36-BE8A-ED42299C576F}
		{3190791D-2172-4A45-AE40-7F4962B4EA15} = {F572F5AC-8BDE-4D36-BE8A-ED42299C576F}
		{A05F3769-EA28-4676-81D4-8FDDC2A45A11} = {F572F5AC-8BDE-4D36-BE8A-ED42299C576F}
		{AFF2DD46-A94A-48F9-B6D7-9ABE34F276B9} = {F572F5AC-8BDE-4D36-BE8A-ED42299C576F}
		{7139004B-13F5-4732-A177-D964FD283555} = {F572F5AC-8BDE-4D36-BE8A-ED42299C576F}
	EndGlobalSection
	GlobalSection(ExtensibilityGlobals) = postSolution
		SolutionGuid = {75EF590C-FE75-45E7-B941-B225EF484F5F}
	EndGlobalSection
EndGlobal
