
Microsoft Visual Studio Solution File, Format Version 12.00
# Visual Studio 15
VisualStudioVersion = 15.0.27130.2026
MinimumVisualStudioVersion = 10.0.40219.1
Project("{9A19103F-16F7-4668-BE54-9A1E7A4F7556}") = "Azos", "Azos\Azos.csproj", "{C2BF5275-C8C2-46CC-86C7-A83A75C2BE0D}"
	ProjectSection(ProjectDependencies) = postProject
		{A9434D3F-E520-41A4-B844-0891D4D8C2D4} = {A9434D3F-E520-41A4-B844-0891D4D8C2D4}
		{AB869DBB-623B-4A34-8D06-D11FAEE2B8F1} = {AB869DBB-623B-4A34-8D06-D11FAEE2B8F1}
	EndProjectSection
EndProject
Project("{9A19103F-16F7-4668-BE54-9A1E7A4F7556}") = "Azos.Sky", "Azos.Sky\Azos.Sky.csproj", "{56467E57-0C42-42C9-B9B0-359A2A061BA0}"
EndProject
Project("{2150E333-8FDC-42A3-9474-1A3956D46DE8}") = "runtimes", "runtimes", "{344ACA28-AC93-4CA9-9203-78C93A4918CD}"
EndProject
Project("{2150E333-8FDC-42A3-9474-1A3956D46DE8}") = "core", "core", "{ABC662BC-C8F5-4D1F-A411-E45DCFC5417E}"
EndProject
Project("{2150E333-8FDC-42A3-9474-1A3956D46DE8}") = "netf", "netf", "{F572F5AC-8BDE-4D36-BE8A-ED42299C576F}"
EndProject
Project("{FAE04EC0-301F-11D3-BF4B-00C04F79EFBC}") = "Azos.Platform.NetFramework", "runtimes\netf\Azos.Platform.NetFramework\Azos.Platform.NetFramework.csproj", "{9A912017-D9C0-4739-A725-2CA4C9E9E63B}"
EndProject
Project("{2150E333-8FDC-42A3-9474-1A3956D46DE8}") = "Solution Items", "Solution Items", "{C2217C23-C12B-4CE7-B8B6-7222662EB16A}"
	ProjectSection(SolutionItems) = preProject
		Directory.Build.props = Directory.Build.props
		documentation-index.md = documentation-index.md
		naming-conventions.md = naming-conventions.md
		readme.md = readme.md
		todo-stickers.md = todo-stickers.md
	EndProjectSection
EndProject
Project("{FAE04EC0-301F-11D3-BF4B-00C04F79EFBC}") = "arow", "runtimes\netf\arow\arow.csproj", "{7F2A2D93-7037-49B3-B8CF-0B7CDC7B35FF}"
EndProject
Project("{FAE04EC0-301F-11D3-BF4B-00C04F79EFBC}") = "buildinfo", "runtimes\netf\buildinfo\buildinfo.csproj", "{AB869DBB-623B-4A34-8D06-D11FAEE2B8F1}"
EndProject
Project("{FAE04EC0-301F-11D3-BF4B-00C04F79EFBC}") = "getdatetime", "runtimes\netf\getdatetime\getdatetime.csproj", "{290A2B25-0502-4F6A-83BC-061F3D78C549}"
EndProject
Project("{FAE04EC0-301F-11D3-BF4B-00C04F79EFBC}") = "gluec", "runtimes\netf\gluec\gluec.csproj", "{53721594-D13A-454C-A318-4A99BE896458}"
EndProject
Project("{FAE04EC0-301F-11D3-BF4B-00C04F79EFBC}") = "licupd", "runtimes\netf\licupd\licupd.csproj", "{3540666C-6018-4BD3-A581-29F277CCBE8D}"
EndProject
Project("{FAE04EC0-301F-11D3-BF4B-00C04F79EFBC}") = "Azos.WinForms", "runtimes\netf\Azos.WinForms\Azos.WinForms.csproj", "{E4EB3E71-6121-4A9B-B967-A8FD233D003A}"
EndProject
Project("{FAE04EC0-301F-11D3-BF4B-00C04F79EFBC}") = "ntc", "runtimes\netf\ntc\ntc.csproj", "{DAC75D1B-0914-45AB-B5E0-69A40EF28174}"
EndProject
Project("{FAE04EC0-301F-11D3-BF4B-00C04F79EFBC}") = "phash", "runtimes\netf\phash\phash.csproj", "{78DDF2B1-0A88-461C-AF50-2FC16EB48DEF}"
EndProject
Project("{FAE04EC0-301F-11D3-BF4B-00C04F79EFBC}") = "rsc", "runtimes\netf\rsc\rsc.csproj", "{3190791D-2172-4A45-AE40-7F4962B4EA15}"
EndProject
Project("{FAE04EC0-301F-11D3-BF4B-00C04F79EFBC}") = "toy", "runtimes\netf\toy\toy.csproj", "{A05F3769-EA28-4676-81D4-8FDDC2A45A11}"
EndProject
Project("{FAE04EC0-301F-11D3-BF4B-00C04F79EFBC}") = "trun", "runtimes\netf\trun\trun.csproj", "{AFF2DD46-A94A-48F9-B6D7-9ABE34F276B9}"
EndProject
Project("{FAE04EC0-301F-11D3-BF4B-00C04F79EFBC}") = "WinFormsTest", "runtimes\netf\WinFormsTest\WinFormsTest.csproj", "{7139004B-13F5-4732-A177-D964FD283555}"
EndProject
Project("{9A19103F-16F7-4668-BE54-9A1E7A4F7556}") = "Azos.Tools", "Azos.Tools\Azos.Tools.csproj", "{1743D0B5-2B62-44B2-A1C1-84326209F0FC}"
EndProject
Project("{2150E333-8FDC-42A3-9474-1A3956D46DE8}") = "testing", "testing", "{0FC66524-0EE2-410C-B971-97170166D2D6}"
EndProject
Project("{9A19103F-16F7-4668-BE54-9A1E7A4F7556}") = "TestBusinessLogic", "testing\TestBusinessLogic\TestBusinessLogic.csproj", "{27C8EE85-4E00-4471-B81B-C4D51C9D03D0}"
EndProject
Project("{9A19103F-16F7-4668-BE54-9A1E7A4F7556}") = "Azos.Web", "Azos.Web\Azos.Web.csproj", "{9902D057-8385-44A8-B4C1-053E17AC7FE7}"
EndProject
Project("{9A19103F-16F7-4668-BE54-9A1E7A4F7556}") = "Azos.Wave", "Azos.Wave\Azos.Wave.csproj", "{26E0A0E2-9EB5-4905-A9B2-DF5B08E0121C}"
EndProject
Project("{9A19103F-16F7-4668-BE54-9A1E7A4F7556}") = "arow", "runtimes\core\arow\arow.csproj", "{99532F3C-4900-4ABA-B029-808B6F3604CE}"
EndProject
Project("{9A19103F-16F7-4668-BE54-9A1E7A4F7556}") = "Azos.Platform.NetCore20", "runtimes\core\Azos.Platform.NetCore20\Azos.Platform.NetCore20.csproj", "{0C6EE318-7E95-4FA6-A590-43F1ED33C843}"
EndProject
Project("{9A19103F-16F7-4668-BE54-9A1E7A4F7556}") = "buildinfo", "runtimes\core\buildinfo\buildinfo.csproj", "{A9434D3F-E520-41A4-B844-0891D4D8C2D4}"
EndProject
Project("{9A19103F-16F7-4668-BE54-9A1E7A4F7556}") = "getdatetime", "runtimes\core\getdatetime\getdatetime.csproj", "{A70F459A-590A-453B-94D9-AE78D35227D0}"
EndProject
Project("{9A19103F-16F7-4668-BE54-9A1E7A4F7556}") = "gluec", "runtimes\core\gluec\gluec.csproj", "{1AC34EC8-475B-4A17-B0BB-F44D5A290A7D}"
EndProject
Project("{9A19103F-16F7-4668-BE54-9A1E7A4F7556}") = "ntc", "runtimes\core\ntc\ntc.csproj", "{E52E6984-96B6-43D3-995B-34E79F5677D5}"
EndProject
Project("{9A19103F-16F7-4668-BE54-9A1E7A4F7556}") = "phash", "runtimes\core\phash\phash.csproj", "{C744A7F4-7642-42C9-9824-E3D5066129A2}"
EndProject
Project("{9A19103F-16F7-4668-BE54-9A1E7A4F7556}") = "rsc", "runtimes\core\rsc\rsc.csproj", "{DFCD2FE2-259E-4455-9D09-875BA2943810}"
EndProject
Project("{9A19103F-16F7-4668-BE54-9A1E7A4F7556}") = "toy", "runtimes\core\toy\toy.csproj", "{6F3D09A1-CDAF-42AE-A456-81B9F19D67E3}"
EndProject
Project("{9A19103F-16F7-4668-BE54-9A1E7A4F7556}") = "trun", "runtimes\core\trun\trun.csproj", "{2EA490A1-384A-4CC7-B78D-F1F8C477F640}"
EndProject
Project("{9A19103F-16F7-4668-BE54-9A1E7A4F7556}") = "Azos.Tests.Unit", "testing\Azos.Tests.Unit\Azos.Tests.Unit.csproj", "{356D2ACB-2AC7-4BE7-96F4-655F50B0152E}"
EndProject
Project("{9A19103F-16F7-4668-BE54-9A1E7A4F7556}") = "Azos.Tests.Integration", "testing\Azos.Tests.Integration\Azos.Tests.Integration.csproj", "{C6EC5D85-4A06-4E82-BDCE-06EF013F349E}"
EndProject
Project("{2150E333-8FDC-42A3-9474-1A3956D46DE8}") = "providers", "providers", "{608A6011-035A-4E1C-A1EB-29F91960A5BD}"
EndProject
Project("{9A19103F-16F7-4668-BE54-9A1E7A4F7556}") = "Azos.Erlang", "providers\Azos.Erlang\Azos.Erlang.csproj", "{CCFD3FE2-838B-4198-9476-5792DBEFEED0}"
EndProject
Project("{9A19103F-16F7-4668-BE54-9A1E7A4F7556}") = "Azos.MongoDb", "providers\Azos.MongoDb\Azos.MongoDb.csproj", "{B3831368-8B6F-4EB6-AFC8-8D52609FB6A4}"
EndProject
Project("{9A19103F-16F7-4668-BE54-9A1E7A4F7556}") = "Azos.MySql", "providers\Azos.MySql\Azos.MySql.csproj", "{2CF0DBE7-3CEA-4E19-BAD4-1F0BCFB74D44}"
EndProject
Project("{9A19103F-16F7-4668-BE54-9A1E7A4F7556}") = "Azos.MsSql", "providers\Azos.MsSql\Azos.MsSql.csproj", "{A82E327A-2492-4016-A9C5-BB1BE889A08E}"
EndProject
Project("{9A19103F-16F7-4668-BE54-9A1E7A4F7556}") = "Azos.Media", "providers\Azos.Media\Azos.Media.csproj", "{96C1D999-FFD7-4599-831B-FBD37606AD36}"
EndProject
Project("{9A19103F-16F7-4668-BE54-9A1E7A4F7556}") = "Azos.Sky.WebManager", "Azos.Sky.WebManager\Azos.Sky.WebManager.csproj", "{C08D9A95-63BA-4D5F-9FB4-5F8A211D92D6}"
EndProject
Project("{9A19103F-16F7-4668-BE54-9A1E7A4F7556}") = "Azos.Sky.MongoDb", "providers\Azos.Sky.MongoDb\Azos.Sky.MongoDb.csproj", "{32C6DCC7-5E9D-4D87-AF56-6F690135F19A}"
EndProject
Project("{9A19103F-16F7-4668-BE54-9A1E7A4F7556}") = "agdida", "runtimes\core\agdida\agdida.csproj", "{6AF02817-1FA9-4751-A0FA-E0BF3AE32C89}"
EndProject
Project("{9A19103F-16F7-4668-BE54-9A1E7A4F7556}") = "agm", "runtimes\core\agm\agm.csproj", "{315E3456-2F33-4FF1-80EF-58B5E06018B0}"
EndProject
Project("{9A19103F-16F7-4668-BE54-9A1E7A4F7556}") = "ahgov", "runtimes\core\ahgov\ahgov.csproj", "{2E0A0164-41C2-4F01-B01B-85F86300EC41}"
EndProject
Project("{9A19103F-16F7-4668-BE54-9A1E7A4F7556}") = "amm", "runtimes\core\amm\amm.csproj", "{CC21964D-7070-4820-88A6-796F80AA4AB8}"
EndProject
Project("{9A19103F-16F7-4668-BE54-9A1E7A4F7556}") = "aph", "runtimes\core\aph\aph.csproj", "{B2727736-EC19-4D3E-BE1B-2A761E989550}"
EndProject
Project("{9A19103F-16F7-4668-BE54-9A1E7A4F7556}") = "ascon", "runtimes\core\ascon\ascon.csproj", "{3EEC94B9-6864-454B-B541-EBA5A606EB18}"
EndProject
Project("{9A19103F-16F7-4668-BE54-9A1E7A4F7556}") = "ash", "runtimes\core\ash\ash.csproj", "{0B30A2CB-315B-4F06-994F-B070776A4BA3}"
EndProject
Project("{9A19103F-16F7-4668-BE54-9A1E7A4F7556}") = "aws", "runtimes\core\aws\aws.csproj", "{FBE981E6-CEA5-4BBF-8180-F4D3425E9FA3}"
EndProject
Project("{9A19103F-16F7-4668-BE54-9A1E7A4F7556}") = "azgov", "runtimes\core\azgov\azgov.csproj", "{C2DC3E42-D944-404C-A061-A13A83928557}"
EndProject
Project("{FAE04EC0-301F-11D3-BF4B-00C04F79EFBC}") = "Agnivo", "runtimes\netf\Agnivo\Agnivo.csproj", "{3320B3B9-EC75-4C18-9E70-44955FA43CBB}"
EndProject
Project("{FAE04EC0-301F-11D3-BF4B-00C04F79EFBC}") = "agdida", "runtimes\netf\agdida\agdida.csproj", "{9BCDD366-6357-43E8-9CE6-11CFB6C3176E}"
EndProject
Project("{FAE04EC0-301F-11D3-BF4B-00C04F79EFBC}") = "agm", "runtimes\netf\agm\agm.csproj", "{538556CC-F834-4E95-9AEA-3DFCCF57E28D}"
EndProject
Project("{FAE04EC0-301F-11D3-BF4B-00C04F79EFBC}") = "ahgov", "runtimes\netf\ahgov\ahgov.csproj", "{D7C48B88-CB04-4FC2-8EFD-C6DBF268E418}"
EndProject
Project("{FAE04EC0-301F-11D3-BF4B-00C04F79EFBC}") = "amm", "runtimes\netf\amm\amm.csproj", "{CAFA8CD8-D275-4704-9D24-19DC9F2CFCA4}"
EndProject
Project("{FAE04EC0-301F-11D3-BF4B-00C04F79EFBC}") = "aph", "runtimes\netf\aph\aph.csproj", "{FAE2527F-22F7-4CEA-9096-8824EE6BB4C7}"
EndProject
Project("{FAE04EC0-301F-11D3-BF4B-00C04F79EFBC}") = "ard", "runtimes\netf\ard\ard.csproj", "{DCE248F9-CB14-464F-AF65-DA245F9337C5}"
EndProject
Project("{FAE04EC0-301F-11D3-BF4B-00C04F79EFBC}") = "ascon", "runtimes\netf\ascon\ascon.csproj", "{37B4A6CB-8074-47C5-A66E-FD1E816A629C}"
EndProject
Project("{FAE04EC0-301F-11D3-BF4B-00C04F79EFBC}") = "ash", "runtimes\netf\ash\ash.csproj", "{A69BF83F-2C6B-4B02-B166-7631632F2AB6}"
EndProject
Project("{FAE04EC0-301F-11D3-BF4B-00C04F79EFBC}") = "aws", "runtimes\netf\aws\aws.csproj", "{A8F4B0F5-E8E8-4CF0-9EBE-1EFC7401E42B}"
EndProject
Project("{FAE04EC0-301F-11D3-BF4B-00C04F79EFBC}") = "azgov", "runtimes\netf\azgov\azgov.csproj", "{AA45AC82-E15D-48B8-85E5-6EC7640C416B}"
EndProject
Project("{FAE04EC0-301F-11D3-BF4B-00C04F79EFBC}") = "WinFormsTestSky", "runtimes\netf\WinFormsTestSky\WinFormsTestSky.csproj", "{A7DFADE5-8018-45FF-8033-F61A6ED6802D}"
EndProject
Project("{9A19103F-16F7-4668-BE54-9A1E7A4F7556}") = "Azos.Sky.Social", "Azos.Sky.Social\Azos.Sky.Social.csproj", "{0C205CB7-AE12-402C-BAA4-90369E6C2627}"
EndProject
Global
	GlobalSection(SolutionConfigurationPlatforms) = preSolution
		Debug|Any CPU = Debug|Any CPU
		Release|Any CPU = Release|Any CPU
	EndGlobalSection
	GlobalSection(ProjectConfigurationPlatforms) = postSolution
		{C2BF5275-C8C2-46CC-86C7-A83A75C2BE0D}.Debug|Any CPU.ActiveCfg = Debug|Any CPU
		{C2BF5275-C8C2-46CC-86C7-A83A75C2BE0D}.Debug|Any CPU.Build.0 = Debug|Any CPU
		{C2BF5275-C8C2-46CC-86C7-A83A75C2BE0D}.Release|Any CPU.ActiveCfg = Release|Any CPU
		{C2BF5275-C8C2-46CC-86C7-A83A75C2BE0D}.Release|Any CPU.Build.0 = Release|Any CPU
		{56467E57-0C42-42C9-B9B0-359A2A061BA0}.Debug|Any CPU.ActiveCfg = Debug|Any CPU
		{56467E57-0C42-42C9-B9B0-359A2A061BA0}.Debug|Any CPU.Build.0 = Debug|Any CPU
		{56467E57-0C42-42C9-B9B0-359A2A061BA0}.Release|Any CPU.ActiveCfg = Release|Any CPU
		{56467E57-0C42-42C9-B9B0-359A2A061BA0}.Release|Any CPU.Build.0 = Release|Any CPU
		{9A912017-D9C0-4739-A725-2CA4C9E9E63B}.Debug|Any CPU.ActiveCfg = Debug|Any CPU
		{9A912017-D9C0-4739-A725-2CA4C9E9E63B}.Debug|Any CPU.Build.0 = Debug|Any CPU
		{9A912017-D9C0-4739-A725-2CA4C9E9E63B}.Release|Any CPU.ActiveCfg = Release|Any CPU
		{9A912017-D9C0-4739-A725-2CA4C9E9E63B}.Release|Any CPU.Build.0 = Release|Any CPU
		{7F2A2D93-7037-49B3-B8CF-0B7CDC7B35FF}.Debug|Any CPU.ActiveCfg = Debug|Any CPU
		{7F2A2D93-7037-49B3-B8CF-0B7CDC7B35FF}.Debug|Any CPU.Build.0 = Debug|Any CPU
		{7F2A2D93-7037-49B3-B8CF-0B7CDC7B35FF}.Release|Any CPU.ActiveCfg = Release|Any CPU
		{7F2A2D93-7037-49B3-B8CF-0B7CDC7B35FF}.Release|Any CPU.Build.0 = Release|Any CPU
		{AB869DBB-623B-4A34-8D06-D11FAEE2B8F1}.Debug|Any CPU.ActiveCfg = Debug|Any CPU
		{AB869DBB-623B-4A34-8D06-D11FAEE2B8F1}.Debug|Any CPU.Build.0 = Debug|Any CPU
		{AB869DBB-623B-4A34-8D06-D11FAEE2B8F1}.Release|Any CPU.ActiveCfg = Release|Any CPU
		{AB869DBB-623B-4A34-8D06-D11FAEE2B8F1}.Release|Any CPU.Build.0 = Release|Any CPU
		{290A2B25-0502-4F6A-83BC-061F3D78C549}.Debug|Any CPU.ActiveCfg = Debug|Any CPU
		{290A2B25-0502-4F6A-83BC-061F3D78C549}.Debug|Any CPU.Build.0 = Debug|Any CPU
		{290A2B25-0502-4F6A-83BC-061F3D78C549}.Release|Any CPU.ActiveCfg = Release|Any CPU
		{290A2B25-0502-4F6A-83BC-061F3D78C549}.Release|Any CPU.Build.0 = Release|Any CPU
		{53721594-D13A-454C-A318-4A99BE896458}.Debug|Any CPU.ActiveCfg = Debug|Any CPU
		{53721594-D13A-454C-A318-4A99BE896458}.Debug|Any CPU.Build.0 = Debug|Any CPU
		{53721594-D13A-454C-A318-4A99BE896458}.Release|Any CPU.ActiveCfg = Release|Any CPU
		{53721594-D13A-454C-A318-4A99BE896458}.Release|Any CPU.Build.0 = Release|Any CPU
		{3540666C-6018-4BD3-A581-29F277CCBE8D}.Debug|Any CPU.ActiveCfg = Debug|Any CPU
		{3540666C-6018-4BD3-A581-29F277CCBE8D}.Debug|Any CPU.Build.0 = Debug|Any CPU
		{3540666C-6018-4BD3-A581-29F277CCBE8D}.Release|Any CPU.ActiveCfg = Release|Any CPU
		{3540666C-6018-4BD3-A581-29F277CCBE8D}.Release|Any CPU.Build.0 = Release|Any CPU
		{E4EB3E71-6121-4A9B-B967-A8FD233D003A}.Debug|Any CPU.ActiveCfg = Debug|Any CPU
		{E4EB3E71-6121-4A9B-B967-A8FD233D003A}.Debug|Any CPU.Build.0 = Debug|Any CPU
		{E4EB3E71-6121-4A9B-B967-A8FD233D003A}.Release|Any CPU.ActiveCfg = Release|Any CPU
		{E4EB3E71-6121-4A9B-B967-A8FD233D003A}.Release|Any CPU.Build.0 = Release|Any CPU
		{DAC75D1B-0914-45AB-B5E0-69A40EF28174}.Debug|Any CPU.ActiveCfg = Debug|Any CPU
		{DAC75D1B-0914-45AB-B5E0-69A40EF28174}.Debug|Any CPU.Build.0 = Debug|Any CPU
		{DAC75D1B-0914-45AB-B5E0-69A40EF28174}.Release|Any CPU.ActiveCfg = Release|Any CPU
		{DAC75D1B-0914-45AB-B5E0-69A40EF28174}.Release|Any CPU.Build.0 = Release|Any CPU
		{78DDF2B1-0A88-461C-AF50-2FC16EB48DEF}.Debug|Any CPU.ActiveCfg = Debug|Any CPU
		{78DDF2B1-0A88-461C-AF50-2FC16EB48DEF}.Debug|Any CPU.Build.0 = Debug|Any CPU
		{78DDF2B1-0A88-461C-AF50-2FC16EB48DEF}.Release|Any CPU.ActiveCfg = Release|Any CPU
		{78DDF2B1-0A88-461C-AF50-2FC16EB48DEF}.Release|Any CPU.Build.0 = Release|Any CPU
		{3190791D-2172-4A45-AE40-7F4962B4EA15}.Debug|Any CPU.ActiveCfg = Debug|Any CPU
		{3190791D-2172-4A45-AE40-7F4962B4EA15}.Debug|Any CPU.Build.0 = Debug|Any CPU
		{3190791D-2172-4A45-AE40-7F4962B4EA15}.Release|Any CPU.ActiveCfg = Release|Any CPU
		{3190791D-2172-4A45-AE40-7F4962B4EA15}.Release|Any CPU.Build.0 = Release|Any CPU
		{A05F3769-EA28-4676-81D4-8FDDC2A45A11}.Debug|Any CPU.ActiveCfg = Debug|Any CPU
		{A05F3769-EA28-4676-81D4-8FDDC2A45A11}.Debug|Any CPU.Build.0 = Debug|Any CPU
		{A05F3769-EA28-4676-81D4-8FDDC2A45A11}.Release|Any CPU.ActiveCfg = Release|Any CPU
		{A05F3769-EA28-4676-81D4-8FDDC2A45A11}.Release|Any CPU.Build.0 = Release|Any CPU
		{AFF2DD46-A94A-48F9-B6D7-9ABE34F276B9}.Debug|Any CPU.ActiveCfg = Debug|Any CPU
		{AFF2DD46-A94A-48F9-B6D7-9ABE34F276B9}.Debug|Any CPU.Build.0 = Debug|Any CPU
		{AFF2DD46-A94A-48F9-B6D7-9ABE34F276B9}.Release|Any CPU.ActiveCfg = Release|Any CPU
		{AFF2DD46-A94A-48F9-B6D7-9ABE34F276B9}.Release|Any CPU.Build.0 = Release|Any CPU
		{7139004B-13F5-4732-A177-D964FD283555}.Debug|Any CPU.ActiveCfg = Debug|Any CPU
		{7139004B-13F5-4732-A177-D964FD283555}.Debug|Any CPU.Build.0 = Debug|Any CPU
		{7139004B-13F5-4732-A177-D964FD283555}.Release|Any CPU.ActiveCfg = Release|Any CPU
		{7139004B-13F5-4732-A177-D964FD283555}.Release|Any CPU.Build.0 = Release|Any CPU
		{1743D0B5-2B62-44B2-A1C1-84326209F0FC}.Debug|Any CPU.ActiveCfg = Debug|Any CPU
		{1743D0B5-2B62-44B2-A1C1-84326209F0FC}.Debug|Any CPU.Build.0 = Debug|Any CPU
		{1743D0B5-2B62-44B2-A1C1-84326209F0FC}.Release|Any CPU.ActiveCfg = Release|Any CPU
		{1743D0B5-2B62-44B2-A1C1-84326209F0FC}.Release|Any CPU.Build.0 = Release|Any CPU
		{27C8EE85-4E00-4471-B81B-C4D51C9D03D0}.Debug|Any CPU.ActiveCfg = Debug|Any CPU
		{27C8EE85-4E00-4471-B81B-C4D51C9D03D0}.Debug|Any CPU.Build.0 = Debug|Any CPU
		{27C8EE85-4E00-4471-B81B-C4D51C9D03D0}.Release|Any CPU.ActiveCfg = Release|Any CPU
		{27C8EE85-4E00-4471-B81B-C4D51C9D03D0}.Release|Any CPU.Build.0 = Release|Any CPU
		{9902D057-8385-44A8-B4C1-053E17AC7FE7}.Debug|Any CPU.ActiveCfg = Debug|Any CPU
		{9902D057-8385-44A8-B4C1-053E17AC7FE7}.Debug|Any CPU.Build.0 = Debug|Any CPU
		{9902D057-8385-44A8-B4C1-053E17AC7FE7}.Release|Any CPU.ActiveCfg = Release|Any CPU
		{9902D057-8385-44A8-B4C1-053E17AC7FE7}.Release|Any CPU.Build.0 = Release|Any CPU
		{26E0A0E2-9EB5-4905-A9B2-DF5B08E0121C}.Debug|Any CPU.ActiveCfg = Debug|Any CPU
		{26E0A0E2-9EB5-4905-A9B2-DF5B08E0121C}.Debug|Any CPU.Build.0 = Debug|Any CPU
		{26E0A0E2-9EB5-4905-A9B2-DF5B08E0121C}.Release|Any CPU.ActiveCfg = Release|Any CPU
		{26E0A0E2-9EB5-4905-A9B2-DF5B08E0121C}.Release|Any CPU.Build.0 = Release|Any CPU
		{99532F3C-4900-4ABA-B029-808B6F3604CE}.Debug|Any CPU.ActiveCfg = Debug|Any CPU
		{99532F3C-4900-4ABA-B029-808B6F3604CE}.Debug|Any CPU.Build.0 = Debug|Any CPU
		{99532F3C-4900-4ABA-B029-808B6F3604CE}.Release|Any CPU.ActiveCfg = Release|Any CPU
		{99532F3C-4900-4ABA-B029-808B6F3604CE}.Release|Any CPU.Build.0 = Release|Any CPU
		{0C6EE318-7E95-4FA6-A590-43F1ED33C843}.Debug|Any CPU.ActiveCfg = Debug|Any CPU
		{0C6EE318-7E95-4FA6-A590-43F1ED33C843}.Debug|Any CPU.Build.0 = Debug|Any CPU
		{0C6EE318-7E95-4FA6-A590-43F1ED33C843}.Release|Any CPU.ActiveCfg = Release|Any CPU
		{0C6EE318-7E95-4FA6-A590-43F1ED33C843}.Release|Any CPU.Build.0 = Release|Any CPU
		{A9434D3F-E520-41A4-B844-0891D4D8C2D4}.Debug|Any CPU.ActiveCfg = Debug|Any CPU
		{A9434D3F-E520-41A4-B844-0891D4D8C2D4}.Debug|Any CPU.Build.0 = Debug|Any CPU
		{A9434D3F-E520-41A4-B844-0891D4D8C2D4}.Release|Any CPU.ActiveCfg = Release|Any CPU
		{A9434D3F-E520-41A4-B844-0891D4D8C2D4}.Release|Any CPU.Build.0 = Release|Any CPU
		{A70F459A-590A-453B-94D9-AE78D35227D0}.Debug|Any CPU.ActiveCfg = Debug|Any CPU
		{A70F459A-590A-453B-94D9-AE78D35227D0}.Debug|Any CPU.Build.0 = Debug|Any CPU
		{A70F459A-590A-453B-94D9-AE78D35227D0}.Release|Any CPU.ActiveCfg = Release|Any CPU
		{A70F459A-590A-453B-94D9-AE78D35227D0}.Release|Any CPU.Build.0 = Release|Any CPU
		{1AC34EC8-475B-4A17-B0BB-F44D5A290A7D}.Debug|Any CPU.ActiveCfg = Debug|Any CPU
		{1AC34EC8-475B-4A17-B0BB-F44D5A290A7D}.Debug|Any CPU.Build.0 = Debug|Any CPU
		{1AC34EC8-475B-4A17-B0BB-F44D5A290A7D}.Release|Any CPU.ActiveCfg = Release|Any CPU
		{1AC34EC8-475B-4A17-B0BB-F44D5A290A7D}.Release|Any CPU.Build.0 = Release|Any CPU
		{E52E6984-96B6-43D3-995B-34E79F5677D5}.Debug|Any CPU.ActiveCfg = Debug|Any CPU
		{E52E6984-96B6-43D3-995B-34E79F5677D5}.Debug|Any CPU.Build.0 = Debug|Any CPU
		{E52E6984-96B6-43D3-995B-34E79F5677D5}.Release|Any CPU.ActiveCfg = Release|Any CPU
		{E52E6984-96B6-43D3-995B-34E79F5677D5}.Release|Any CPU.Build.0 = Release|Any CPU
		{C744A7F4-7642-42C9-9824-E3D5066129A2}.Debug|Any CPU.ActiveCfg = Debug|Any CPU
		{C744A7F4-7642-42C9-9824-E3D5066129A2}.Debug|Any CPU.Build.0 = Debug|Any CPU
		{C744A7F4-7642-42C9-9824-E3D5066129A2}.Release|Any CPU.ActiveCfg = Release|Any CPU
		{C744A7F4-7642-42C9-9824-E3D5066129A2}.Release|Any CPU.Build.0 = Release|Any CPU
		{DFCD2FE2-259E-4455-9D09-875BA2943810}.Debug|Any CPU.ActiveCfg = Debug|Any CPU
		{DFCD2FE2-259E-4455-9D09-875BA2943810}.Debug|Any CPU.Build.0 = Debug|Any CPU
		{DFCD2FE2-259E-4455-9D09-875BA2943810}.Release|Any CPU.ActiveCfg = Release|Any CPU
		{DFCD2FE2-259E-4455-9D09-875BA2943810}.Release|Any CPU.Build.0 = Release|Any CPU
		{6F3D09A1-CDAF-42AE-A456-81B9F19D67E3}.Debug|Any CPU.ActiveCfg = Debug|Any CPU
		{6F3D09A1-CDAF-42AE-A456-81B9F19D67E3}.Debug|Any CPU.Build.0 = Debug|Any CPU
		{6F3D09A1-CDAF-42AE-A456-81B9F19D67E3}.Release|Any CPU.ActiveCfg = Release|Any CPU
		{6F3D09A1-CDAF-42AE-A456-81B9F19D67E3}.Release|Any CPU.Build.0 = Release|Any CPU
		{2EA490A1-384A-4CC7-B78D-F1F8C477F640}.Debug|Any CPU.ActiveCfg = Debug|Any CPU
		{2EA490A1-384A-4CC7-B78D-F1F8C477F640}.Debug|Any CPU.Build.0 = Debug|Any CPU
		{2EA490A1-384A-4CC7-B78D-F1F8C477F640}.Release|Any CPU.ActiveCfg = Release|Any CPU
		{2EA490A1-384A-4CC7-B78D-F1F8C477F640}.Release|Any CPU.Build.0 = Release|Any CPU
		{356D2ACB-2AC7-4BE7-96F4-655F50B0152E}.Debug|Any CPU.ActiveCfg = Debug|Any CPU
		{356D2ACB-2AC7-4BE7-96F4-655F50B0152E}.Debug|Any CPU.Build.0 = Debug|Any CPU
		{356D2ACB-2AC7-4BE7-96F4-655F50B0152E}.Release|Any CPU.ActiveCfg = Release|Any CPU
		{356D2ACB-2AC7-4BE7-96F4-655F50B0152E}.Release|Any CPU.Build.0 = Release|Any CPU
		{C6EC5D85-4A06-4E82-BDCE-06EF013F349E}.Debug|Any CPU.ActiveCfg = Debug|Any CPU
		{C6EC5D85-4A06-4E82-BDCE-06EF013F349E}.Debug|Any CPU.Build.0 = Debug|Any CPU
		{C6EC5D85-4A06-4E82-BDCE-06EF013F349E}.Release|Any CPU.ActiveCfg = Release|Any CPU
		{C6EC5D85-4A06-4E82-BDCE-06EF013F349E}.Release|Any CPU.Build.0 = Release|Any CPU
		{CCFD3FE2-838B-4198-9476-5792DBEFEED0}.Debug|Any CPU.ActiveCfg = Debug|Any CPU
		{CCFD3FE2-838B-4198-9476-5792DBEFEED0}.Debug|Any CPU.Build.0 = Debug|Any CPU
		{CCFD3FE2-838B-4198-9476-5792DBEFEED0}.Release|Any CPU.ActiveCfg = Release|Any CPU
		{CCFD3FE2-838B-4198-9476-5792DBEFEED0}.Release|Any CPU.Build.0 = Release|Any CPU
		{B3831368-8B6F-4EB6-AFC8-8D52609FB6A4}.Debug|Any CPU.ActiveCfg = Debug|Any CPU
		{B3831368-8B6F-4EB6-AFC8-8D52609FB6A4}.Debug|Any CPU.Build.0 = Debug|Any CPU
		{B3831368-8B6F-4EB6-AFC8-8D52609FB6A4}.Release|Any CPU.ActiveCfg = Release|Any CPU
		{B3831368-8B6F-4EB6-AFC8-8D52609FB6A4}.Release|Any CPU.Build.0 = Release|Any CPU
		{2CF0DBE7-3CEA-4E19-BAD4-1F0BCFB74D44}.Debug|Any CPU.ActiveCfg = Debug|Any CPU
		{2CF0DBE7-3CEA-4E19-BAD4-1F0BCFB74D44}.Debug|Any CPU.Build.0 = Debug|Any CPU
		{2CF0DBE7-3CEA-4E19-BAD4-1F0BCFB74D44}.Release|Any CPU.ActiveCfg = Release|Any CPU
		{2CF0DBE7-3CEA-4E19-BAD4-1F0BCFB74D44}.Release|Any CPU.Build.0 = Release|Any CPU
		{A82E327A-2492-4016-A9C5-BB1BE889A08E}.Debug|Any CPU.ActiveCfg = Debug|Any CPU
		{A82E327A-2492-4016-A9C5-BB1BE889A08E}.Debug|Any CPU.Build.0 = Debug|Any CPU
		{A82E327A-2492-4016-A9C5-BB1BE889A08E}.Release|Any CPU.ActiveCfg = Release|Any CPU
		{A82E327A-2492-4016-A9C5-BB1BE889A08E}.Release|Any CPU.Build.0 = Release|Any CPU
		{96C1D999-FFD7-4599-831B-FBD37606AD36}.Debug|Any CPU.ActiveCfg = Debug|Any CPU
		{96C1D999-FFD7-4599-831B-FBD37606AD36}.Debug|Any CPU.Build.0 = Debug|Any CPU
		{96C1D999-FFD7-4599-831B-FBD37606AD36}.Release|Any CPU.ActiveCfg = Release|Any CPU
		{96C1D999-FFD7-4599-831B-FBD37606AD36}.Release|Any CPU.Build.0 = Release|Any CPU
		{C08D9A95-63BA-4D5F-9FB4-5F8A211D92D6}.Debug|Any CPU.ActiveCfg = Debug|Any CPU
		{C08D9A95-63BA-4D5F-9FB4-5F8A211D92D6}.Debug|Any CPU.Build.0 = Debug|Any CPU
		{C08D9A95-63BA-4D5F-9FB4-5F8A211D92D6}.Release|Any CPU.ActiveCfg = Release|Any CPU
		{C08D9A95-63BA-4D5F-9FB4-5F8A211D92D6}.Release|Any CPU.Build.0 = Release|Any CPU
		{32C6DCC7-5E9D-4D87-AF56-6F690135F19A}.Debug|Any CPU.ActiveCfg = Debug|Any CPU
		{32C6DCC7-5E9D-4D87-AF56-6F690135F19A}.Debug|Any CPU.Build.0 = Debug|Any CPU
		{32C6DCC7-5E9D-4D87-AF56-6F690135F19A}.Release|Any CPU.ActiveCfg = Release|Any CPU
		{32C6DCC7-5E9D-4D87-AF56-6F690135F19A}.Release|Any CPU.Build.0 = Release|Any CPU
		{6AF02817-1FA9-4751-A0FA-E0BF3AE32C89}.Debug|Any CPU.ActiveCfg = Debug|Any CPU
		{6AF02817-1FA9-4751-A0FA-E0BF3AE32C89}.Debug|Any CPU.Build.0 = Debug|Any CPU
		{6AF02817-1FA9-4751-A0FA-E0BF3AE32C89}.Release|Any CPU.ActiveCfg = Release|Any CPU
		{6AF02817-1FA9-4751-A0FA-E0BF3AE32C89}.Release|Any CPU.Build.0 = Release|Any CPU
		{315E3456-2F33-4FF1-80EF-58B5E06018B0}.Debug|Any CPU.ActiveCfg = Debug|Any CPU
		{315E3456-2F33-4FF1-80EF-58B5E06018B0}.Debug|Any CPU.Build.0 = Debug|Any CPU
		{315E3456-2F33-4FF1-80EF-58B5E06018B0}.Release|Any CPU.ActiveCfg = Release|Any CPU
		{315E3456-2F33-4FF1-80EF-58B5E06018B0}.Release|Any CPU.Build.0 = Release|Any CPU
		{2E0A0164-41C2-4F01-B01B-85F86300EC41}.Debug|Any CPU.ActiveCfg = Debug|Any CPU
		{2E0A0164-41C2-4F01-B01B-85F86300EC41}.Debug|Any CPU.Build.0 = Debug|Any CPU
		{2E0A0164-41C2-4F01-B01B-85F86300EC41}.Release|Any CPU.ActiveCfg = Release|Any CPU
		{2E0A0164-41C2-4F01-B01B-85F86300EC41}.Release|Any CPU.Build.0 = Release|Any CPU
		{CC21964D-7070-4820-88A6-796F80AA4AB8}.Debug|Any CPU.ActiveCfg = Debug|Any CPU
		{CC21964D-7070-4820-88A6-796F80AA4AB8}.Debug|Any CPU.Build.0 = Debug|Any CPU
		{CC21964D-7070-4820-88A6-796F80AA4AB8}.Release|Any CPU.ActiveCfg = Release|Any CPU
		{CC21964D-7070-4820-88A6-796F80AA4AB8}.Release|Any CPU.Build.0 = Release|Any CPU
		{B2727736-EC19-4D3E-BE1B-2A761E989550}.Debug|Any CPU.ActiveCfg = Debug|Any CPU
		{B2727736-EC19-4D3E-BE1B-2A761E989550}.Debug|Any CPU.Build.0 = Debug|Any CPU
		{B2727736-EC19-4D3E-BE1B-2A761E989550}.Release|Any CPU.ActiveCfg = Release|Any CPU
		{B2727736-EC19-4D3E-BE1B-2A761E989550}.Release|Any CPU.Build.0 = Release|Any CPU
		{3EEC94B9-6864-454B-B541-EBA5A606EB18}.Debug|Any CPU.ActiveCfg = Debug|Any CPU
		{3EEC94B9-6864-454B-B541-EBA5A606EB18}.Debug|Any CPU.Build.0 = Debug|Any CPU
		{3EEC94B9-6864-454B-B541-EBA5A606EB18}.Release|Any CPU.ActiveCfg = Release|Any CPU
		{3EEC94B9-6864-454B-B541-EBA5A606EB18}.Release|Any CPU.Build.0 = Release|Any CPU
		{0B30A2CB-315B-4F06-994F-B070776A4BA3}.Debug|Any CPU.ActiveCfg = Debug|Any CPU
		{0B30A2CB-315B-4F06-994F-B070776A4BA3}.Debug|Any CPU.Build.0 = Debug|Any CPU
		{0B30A2CB-315B-4F06-994F-B070776A4BA3}.Release|Any CPU.ActiveCfg = Release|Any CPU
		{0B30A2CB-315B-4F06-994F-B070776A4BA3}.Release|Any CPU.Build.0 = Release|Any CPU
		{FBE981E6-CEA5-4BBF-8180-F4D3425E9FA3}.Debug|Any CPU.ActiveCfg = Debug|Any CPU
		{FBE981E6-CEA5-4BBF-8180-F4D3425E9FA3}.Debug|Any CPU.Build.0 = Debug|Any CPU
		{FBE981E6-CEA5-4BBF-8180-F4D3425E9FA3}.Release|Any CPU.ActiveCfg = Release|Any CPU
		{FBE981E6-CEA5-4BBF-8180-F4D3425E9FA3}.Release|Any CPU.Build.0 = Release|Any CPU
		{C2DC3E42-D944-404C-A061-A13A83928557}.Debug|Any CPU.ActiveCfg = Debug|Any CPU
		{C2DC3E42-D944-404C-A061-A13A83928557}.Debug|Any CPU.Build.0 = Debug|Any CPU
		{C2DC3E42-D944-404C-A061-A13A83928557}.Release|Any CPU.ActiveCfg = Release|Any CPU
		{C2DC3E42-D944-404C-A061-A13A83928557}.Release|Any CPU.Build.0 = Release|Any CPU
		{3320B3B9-EC75-4C18-9E70-44955FA43CBB}.Debug|Any CPU.ActiveCfg = Debug|Any CPU
		{3320B3B9-EC75-4C18-9E70-44955FA43CBB}.Debug|Any CPU.Build.0 = Debug|Any CPU
		{3320B3B9-EC75-4C18-9E70-44955FA43CBB}.Release|Any CPU.ActiveCfg = Release|Any CPU
		{3320B3B9-EC75-4C18-9E70-44955FA43CBB}.Release|Any CPU.Build.0 = Release|Any CPU
		{9BCDD366-6357-43E8-9CE6-11CFB6C3176E}.Debug|Any CPU.ActiveCfg = Debug|Any CPU
		{9BCDD366-6357-43E8-9CE6-11CFB6C3176E}.Debug|Any CPU.Build.0 = Debug|Any CPU
		{9BCDD366-6357-43E8-9CE6-11CFB6C3176E}.Release|Any CPU.ActiveCfg = Release|Any CPU
		{9BCDD366-6357-43E8-9CE6-11CFB6C3176E}.Release|Any CPU.Build.0 = Release|Any CPU
		{538556CC-F834-4E95-9AEA-3DFCCF57E28D}.Debug|Any CPU.ActiveCfg = Debug|Any CPU
		{538556CC-F834-4E95-9AEA-3DFCCF57E28D}.Debug|Any CPU.Build.0 = Debug|Any CPU
		{538556CC-F834-4E95-9AEA-3DFCCF57E28D}.Release|Any CPU.ActiveCfg = Release|Any CPU
		{538556CC-F834-4E95-9AEA-3DFCCF57E28D}.Release|Any CPU.Build.0 = Release|Any CPU
		{D7C48B88-CB04-4FC2-8EFD-C6DBF268E418}.Debug|Any CPU.ActiveCfg = Debug|Any CPU
		{D7C48B88-CB04-4FC2-8EFD-C6DBF268E418}.Debug|Any CPU.Build.0 = Debug|Any CPU
		{D7C48B88-CB04-4FC2-8EFD-C6DBF268E418}.Release|Any CPU.ActiveCfg = Release|Any CPU
		{D7C48B88-CB04-4FC2-8EFD-C6DBF268E418}.Release|Any CPU.Build.0 = Release|Any CPU
		{CAFA8CD8-D275-4704-9D24-19DC9F2CFCA4}.Debug|Any CPU.ActiveCfg = Debug|Any CPU
		{CAFA8CD8-D275-4704-9D24-19DC9F2CFCA4}.Debug|Any CPU.Build.0 = Debug|Any CPU
		{CAFA8CD8-D275-4704-9D24-19DC9F2CFCA4}.Release|Any CPU.ActiveCfg = Release|Any CPU
		{CAFA8CD8-D275-4704-9D24-19DC9F2CFCA4}.Release|Any CPU.Build.0 = Release|Any CPU
		{FAE2527F-22F7-4CEA-9096-8824EE6BB4C7}.Debug|Any CPU.ActiveCfg = Debug|Any CPU
		{FAE2527F-22F7-4CEA-9096-8824EE6BB4C7}.Debug|Any CPU.Build.0 = Debug|Any CPU
		{FAE2527F-22F7-4CEA-9096-8824EE6BB4C7}.Release|Any CPU.ActiveCfg = Release|Any CPU
		{FAE2527F-22F7-4CEA-9096-8824EE6BB4C7}.Release|Any CPU.Build.0 = Release|Any CPU
		{DCE248F9-CB14-464F-AF65-DA245F9337C5}.Debug|Any CPU.ActiveCfg = Debug|Any CPU
		{DCE248F9-CB14-464F-AF65-DA245F9337C5}.Debug|Any CPU.Build.0 = Debug|Any CPU
		{DCE248F9-CB14-464F-AF65-DA245F9337C5}.Release|Any CPU.ActiveCfg = Release|Any CPU
		{DCE248F9-CB14-464F-AF65-DA245F9337C5}.Release|Any CPU.Build.0 = Release|Any CPU
		{37B4A6CB-8074-47C5-A66E-FD1E816A629C}.Debug|Any CPU.ActiveCfg = Debug|Any CPU
		{37B4A6CB-8074-47C5-A66E-FD1E816A629C}.Debug|Any CPU.Build.0 = Debug|Any CPU
		{37B4A6CB-8074-47C5-A66E-FD1E816A629C}.Release|Any CPU.ActiveCfg = Release|Any CPU
		{37B4A6CB-8074-47C5-A66E-FD1E816A629C}.Release|Any CPU.Build.0 = Release|Any CPU
		{A69BF83F-2C6B-4B02-B166-7631632F2AB6}.Debug|Any CPU.ActiveCfg = Debug|Any CPU
		{A69BF83F-2C6B-4B02-B166-7631632F2AB6}.Debug|Any CPU.Build.0 = Debug|Any CPU
		{A69BF83F-2C6B-4B02-B166-7631632F2AB6}.Release|Any CPU.ActiveCfg = Release|Any CPU
		{A69BF83F-2C6B-4B02-B166-7631632F2AB6}.Release|Any CPU.Build.0 = Release|Any CPU
		{A8F4B0F5-E8E8-4CF0-9EBE-1EFC7401E42B}.Debug|Any CPU.ActiveCfg = Debug|Any CPU
		{A8F4B0F5-E8E8-4CF0-9EBE-1EFC7401E42B}.Debug|Any CPU.Build.0 = Debug|Any CPU
		{A8F4B0F5-E8E8-4CF0-9EBE-1EFC7401E42B}.Release|Any CPU.ActiveCfg = Release|Any CPU
		{A8F4B0F5-E8E8-4CF0-9EBE-1EFC7401E42B}.Release|Any CPU.Build.0 = Release|Any CPU
		{AA45AC82-E15D-48B8-85E5-6EC7640C416B}.Debug|Any CPU.ActiveCfg = Debug|Any CPU
		{AA45AC82-E15D-48B8-85E5-6EC7640C416B}.Debug|Any CPU.Build.0 = Debug|Any CPU
		{AA45AC82-E15D-48B8-85E5-6EC7640C416B}.Release|Any CPU.ActiveCfg = Release|Any CPU
		{AA45AC82-E15D-48B8-85E5-6EC7640C416B}.Release|Any CPU.Build.0 = Release|Any CPU
		{A7DFADE5-8018-45FF-8033-F61A6ED6802D}.Debug|Any CPU.ActiveCfg = Debug|Any CPU
		{A7DFADE5-8018-45FF-8033-F61A6ED6802D}.Debug|Any CPU.Build.0 = Debug|Any CPU
		{A7DFADE5-8018-45FF-8033-F61A6ED6802D}.Release|Any CPU.ActiveCfg = Release|Any CPU
		{A7DFADE5-8018-45FF-8033-F61A6ED6802D}.Release|Any CPU.Build.0 = Release|Any CPU
		{0C205CB7-AE12-402C-BAA4-90369E6C2627}.Debug|Any CPU.ActiveCfg = Debug|Any CPU
		{0C205CB7-AE12-402C-BAA4-90369E6C2627}.Debug|Any CPU.Build.0 = Debug|Any CPU
		{0C205CB7-AE12-402C-BAA4-90369E6C2627}.Release|Any CPU.ActiveCfg = Release|Any CPU
		{0C205CB7-AE12-402C-BAA4-90369E6C2627}.Release|Any CPU.Build.0 = Release|Any CPU
	EndGlobalSection
	GlobalSection(SolutionProperties) = preSolution
		HideSolutionNode = FALSE
	EndGlobalSection
	GlobalSection(NestedProjects) = preSolution
		{ABC662BC-C8F5-4D1F-A411-E45DCFC5417E} = {344ACA28-AC93-4CA9-9203-78C93A4918CD}
		{F572F5AC-8BDE-4D36-BE8A-ED42299C576F} = {344ACA28-AC93-4CA9-9203-78C93A4918CD}
		{9A912017-D9C0-4739-A725-2CA4C9E9E63B} = {F572F5AC-8BDE-4D36-BE8A-ED42299C576F}
		{7F2A2D93-7037-49B3-B8CF-0B7CDC7B35FF} = {F572F5AC-8BDE-4D36-BE8A-ED42299C576F}
		{AB869DBB-623B-4A34-8D06-D11FAEE2B8F1} = {F572F5AC-8BDE-4D36-BE8A-ED42299C576F}
		{290A2B25-0502-4F6A-83BC-061F3D78C549} = {F572F5AC-8BDE-4D36-BE8A-ED42299C576F}
		{53721594-D13A-454C-A318-4A99BE896458} = {F572F5AC-8BDE-4D36-BE8A-ED42299C576F}
		{3540666C-6018-4BD3-A581-29F277CCBE8D} = {F572F5AC-8BDE-4D36-BE8A-ED42299C576F}
		{E4EB3E71-6121-4A9B-B967-A8FD233D003A} = {F572F5AC-8BDE-4D36-BE8A-ED42299C576F}
		{DAC75D1B-0914-45AB-B5E0-69A40EF28174} = {F572F5AC-8BDE-4D36-BE8A-ED42299C576F}
		{78DDF2B1-0A88-461C-AF50-2FC16EB48DEF} = {F572F5AC-8BDE-4D36-BE8A-ED42299C576F}
		{3190791D-2172-4A45-AE40-7F4962B4EA15} = {F572F5AC-8BDE-4D36-BE8A-ED42299C576F}
		{A05F3769-EA28-4676-81D4-8FDDC2A45A11} = {F572F5AC-8BDE-4D36-BE8A-ED42299C576F}
		{AFF2DD46-A94A-48F9-B6D7-9ABE34F276B9} = {F572F5AC-8BDE-4D36-BE8A-ED42299C576F}
		{7139004B-13F5-4732-A177-D964FD283555} = {F572F5AC-8BDE-4D36-BE8A-ED42299C576F}
		{27C8EE85-4E00-4471-B81B-C4D51C9D03D0} = {0FC66524-0EE2-410C-B971-97170166D2D6}
		{99532F3C-4900-4ABA-B029-808B6F3604CE} = {ABC662BC-C8F5-4D1F-A411-E45DCFC5417E}
		{0C6EE318-7E95-4FA6-A590-43F1ED33C843} = {ABC662BC-C8F5-4D1F-A411-E45DCFC5417E}
		{A9434D3F-E520-41A4-B844-0891D4D8C2D4} = {ABC662BC-C8F5-4D1F-A411-E45DCFC5417E}
		{A70F459A-590A-453B-94D9-AE78D35227D0} = {ABC662BC-C8F5-4D1F-A411-E45DCFC5417E}
		{1AC34EC8-475B-4A17-B0BB-F44D5A290A7D} = {ABC662BC-C8F5-4D1F-A411-E45DCFC5417E}
		{E52E6984-96B6-43D3-995B-34E79F5677D5} = {ABC662BC-C8F5-4D1F-A411-E45DCFC5417E}
		{C744A7F4-7642-42C9-9824-E3D5066129A2} = {ABC662BC-C8F5-4D1F-A411-E45DCFC5417E}
		{DFCD2FE2-259E-4455-9D09-875BA2943810} = {ABC662BC-C8F5-4D1F-A411-E45DCFC5417E}
		{6F3D09A1-CDAF-42AE-A456-81B9F19D67E3} = {ABC662BC-C8F5-4D1F-A411-E45DCFC5417E}
		{2EA490A1-384A-4CC7-B78D-F1F8C477F640} = {ABC662BC-C8F5-4D1F-A411-E45DCFC5417E}
		{356D2ACB-2AC7-4BE7-96F4-655F50B0152E} = {0FC66524-0EE2-410C-B971-97170166D2D6}
		{C6EC5D85-4A06-4E82-BDCE-06EF013F349E} = {0FC66524-0EE2-410C-B971-97170166D2D6}
		{CCFD3FE2-838B-4198-9476-5792DBEFEED0} = {608A6011-035A-4E1C-A1EB-29F91960A5BD}
		{B3831368-8B6F-4EB6-AFC8-8D52609FB6A4} = {608A6011-035A-4E1C-A1EB-29F91960A5BD}
		{2CF0DBE7-3CEA-4E19-BAD4-1F0BCFB74D44} = {608A6011-035A-4E1C-A1EB-29F91960A5BD}
		{A82E327A-2492-4016-A9C5-BB1BE889A08E} = {608A6011-035A-4E1C-A1EB-29F91960A5BD}
		{96C1D999-FFD7-4599-831B-FBD37606AD36} = {608A6011-035A-4E1C-A1EB-29F91960A5BD}
		{32C6DCC7-5E9D-4D87-AF56-6F690135F19A} = {608A6011-035A-4E1C-A1EB-29F91960A5BD}
		{6AF02817-1FA9-4751-A0FA-E0BF3AE32C89} = {ABC662BC-C8F5-4D1F-A411-E45DCFC5417E}
		{315E3456-2F33-4FF1-80EF-58B5E06018B0} = {ABC662BC-C8F5-4D1F-A411-E45DCFC5417E}
		{2E0A0164-41C2-4F01-B01B-85F86300EC41} = {ABC662BC-C8F5-4D1F-A411-E45DCFC5417E}
		{CC21964D-7070-4820-88A6-796F80AA4AB8} = {ABC662BC-C8F5-4D1F-A411-E45DCFC5417E}
		{B2727736-EC19-4D3E-BE1B-2A761E989550} = {ABC662BC-C8F5-4D1F-A411-E45DCFC5417E}
		{3EEC94B9-6864-454B-B541-EBA5A606EB18} = {ABC662BC-C8F5-4D1F-A411-E45DCFC5417E}
		{0B30A2CB-315B-4F06-994F-B070776A4BA3} = {ABC662BC-C8F5-4D1F-A411-E45DCFC5417E}
		{FBE981E6-CEA5-4BBF-8180-F4D3425E9FA3} = {ABC662BC-C8F5-4D1F-A411-E45DCFC5417E}
		{C2DC3E42-D944-404C-A061-A13A83928557} = {ABC662BC-C8F5-4D1F-A411-E45DCFC5417E}
		{3320B3B9-EC75-4C18-9E70-44955FA43CBB} = {F572F5AC-8BDE-4D36-BE8A-ED42299C576F}
		{9BCDD366-6357-43E8-9CE6-11CFB6C3176E} = {F572F5AC-8BDE-4D36-BE8A-ED42299C576F}
		{538556CC-F834-4E95-9AEA-3DFCCF57E28D} = {F572F5AC-8BDE-4D36-BE8A-ED42299C576F}
		{D7C48B88-CB04-4FC2-8EFD-C6DBF268E418} = {F572F5AC-8BDE-4D36-BE8A-ED42299C576F}
		{CAFA8CD8-D275-4704-9D24-19DC9F2CFCA4} = {F572F5AC-8BDE-4D36-BE8A-ED42299C576F}
		{FAE2527F-22F7-4CEA-9096-8824EE6BB4C7} = {F572F5AC-8BDE-4D36-BE8A-ED42299C576F}
		{DCE248F9-CB14-464F-AF65-DA245F9337C5} = {F572F5AC-8BDE-4D36-BE8A-ED42299C576F}
		{37B4A6CB-8074-47C5-A66E-FD1E816A629C} = {F572F5AC-8BDE-4D36-BE8A-ED42299C576F}
		{A69BF83F-2C6B-4B02-B166-7631632F2AB6} = {F572F5AC-8BDE-4D36-BE8A-ED42299C576F}
		{A8F4B0F5-E8E8-4CF0-9EBE-1EFC7401E42B} = {F572F5AC-8BDE-4D36-BE8A-ED42299C576F}
		{AA45AC82-E15D-48B8-85E5-6EC7640C416B} = {F572F5AC-8BDE-4D36-BE8A-ED42299C576F}
		{A7DFADE5-8018-45FF-8033-F61A6ED6802D} = {F572F5AC-8BDE-4D36-BE8A-ED42299C576F}
	EndGlobalSection
	GlobalSection(ExtensibilityGlobals) = postSolution
		SolutionGuid = {75EF590C-FE75-45E7-B941-B225EF484F5F}
	EndGlobalSection
EndGlobal
