
Microsoft Visual Studio Solution File, Format Version 12.00
# Visual Studio 15
VisualStudioVersion = 15.0.27130.2026
MinimumVisualStudioVersion = 10.0.40219.1
Project("{9A19103F-16F7-4668-BE54-9A1E7A4F7556}") = "Azos", "Azos\Azos.csproj", "{C2BF5275-C8C2-46CC-86C7-A83A75C2BE0D}"
EndProject
Global
	GlobalSection(SolutionConfigurationPlatforms) = preSolution
		Debug|Any CPU = Debug|Any CPU
		Release|Any CPU = Release|Any CPU
	EndGlobalSection
	GlobalSection(ProjectConfigurationPlatforms) = postSolution
		{C2BF5275-C8C2-46CC-86C7-A83A75C2BE0D}.Debug|Any CPU.ActiveCfg = Debug|Any CPU
		{C2BF5275-C8C2-46CC-86C7-A83A75C2BE0D}.Debug|Any CPU.Build.0 = Debug|Any CPU
		{C2BF5275-C8C2-46CC-86C7-A83A75C2BE0D}.Release|Any CPU.ActiveCfg = Release|Any CPU
		{C2BF5275-C8C2-46CC-86C7-A83A75C2BE0D}.Release|Any CPU.Build.0 = Release|Any CPU
	EndGlobalSection
	GlobalSection(SolutionProperties) = preSolution
		HideSolutionNode = FALSE
	EndGlobalSection
	GlobalSection(ExtensibilityGlobals) = postSolution
		SolutionGuid = {75EF590C-FE75-45E7-B941-B225EF484F5F}
	EndGlobalSection
EndGlobal
